
Microsoft Visual Studio Solution File, Format Version 12.00
# Visual Studio 2012
Project("{159641D6-6404-4A2A-AE62-294DE0FE8301}") = "WebServices", "WebServices\WebServices.dtproj", "{78C0C034-3830-435E-88FB-88CBED05BDEB}"
EndProject
Global
	GlobalSection(SolutionConfigurationPlatforms) = preSolution
		Development|Default = Development|Default
	EndGlobalSection
	GlobalSection(ProjectConfigurationPlatforms) = postSolution
		{78C0C034-3830-435E-88FB-88CBED05BDEB}.Development|Default.ActiveCfg = Development
		{78C0C034-3830-435E-88FB-88CBED05BDEB}.Development|Default.Build.0 = Development
	EndGlobalSection
	GlobalSection(SolutionProperties) = preSolution
		HideSolutionNode = FALSE
	EndGlobalSection
EndGlobal
